
Microsoft Visual Studio Solution File, Format Version 11.00
# Visual Studio 2010
Project("{FAE04EC0-301F-11D3-BF4B-00C04F79EFBC}") = "ActionTrayTester", "ActionTrayTester\ActionTrayTester.csproj", "{BB0052A7-1CC1-42B6-A52E-53DCF7D05F33}"
EndProject
Global
	GlobalSection(SolutionConfigurationPlatforms) = preSolution
		Debug|iPhoneSimulator = Debug|iPhoneSimulator
		Release|iPhoneSimulator = Release|iPhoneSimulator
		Debug|iPhone = Debug|iPhone
		Release|iPhone = Release|iPhone
		Ad-Hoc|iPhone = Ad-Hoc|iPhone
		AppStore|iPhone = AppStore|iPhone
	EndGlobalSection
	GlobalSection(ProjectConfigurationPlatforms) = postSolution
		{BB0052A7-1CC1-42B6-A52E-53DCF7D05F33}.Ad-Hoc|iPhone.ActiveCfg = Ad-Hoc|iPhone
		{BB0052A7-1CC1-42B6-A52E-53DCF7D05F33}.Ad-Hoc|iPhone.Build.0 = Ad-Hoc|iPhone
		{BB0052A7-1CC1-42B6-A52E-53DCF7D05F33}.AppStore|iPhone.ActiveCfg = AppStore|iPhone
		{BB0052A7-1CC1-42B6-A52E-53DCF7D05F33}.AppStore|iPhone.Build.0 = AppStore|iPhone
		{BB0052A7-1CC1-42B6-A52E-53DCF7D05F33}.Debug|iPhone.ActiveCfg = Debug|iPhone
		{BB0052A7-1CC1-42B6-A52E-53DCF7D05F33}.Debug|iPhone.Build.0 = Debug|iPhone
		{BB0052A7-1CC1-42B6-A52E-53DCF7D05F33}.Debug|iPhoneSimulator.ActiveCfg = Debug|iPhoneSimulator
		{BB0052A7-1CC1-42B6-A52E-53DCF7D05F33}.Debug|iPhoneSimulator.Build.0 = Debug|iPhoneSimulator
		{BB0052A7-1CC1-42B6-A52E-53DCF7D05F33}.Release|iPhone.ActiveCfg = Release|iPhone
		{BB0052A7-1CC1-42B6-A52E-53DCF7D05F33}.Release|iPhone.Build.0 = Release|iPhone
		{BB0052A7-1CC1-42B6-A52E-53DCF7D05F33}.Release|iPhoneSimulator.ActiveCfg = Release|iPhoneSimulator
		{BB0052A7-1CC1-42B6-A52E-53DCF7D05F33}.Release|iPhoneSimulator.Build.0 = Release|iPhoneSimulator
	EndGlobalSection
	GlobalSection(MonoDevelopProperties) = preSolution
		StartupItem = ActionTrayTester\ActionTrayTester.csproj
	EndGlobalSection
EndGlobal
